
Microsoft Visual Studio Solution File, Format Version 12.00
# Visual Studio Version 17
VisualStudioVersion = 17.3.32922.545
MinimumVisualStudioVersion = 10.0.40219.1
Project("{FAE04EC0-301F-11D3-BF4B-00C04F79EFBC}") = "march-token", "march-token\march-token.csproj", "{262AFF5E-A304-454B-9209-F8E2161D9F5A}"
EndProject
Global
	GlobalSection(SolutionConfigurationPlatforms) = preSolution
		Debug|Any CPU = Debug|Any CPU
		Release|Any CPU = Release|Any CPU
	EndGlobalSection
	GlobalSection(ProjectConfigurationPlatforms) = postSolution
		{262AFF5E-A304-454B-9209-F8E2161D9F5A}.Debug|Any CPU.ActiveCfg = Debug|Any CPU
		{262AFF5E-A304-454B-9209-F8E2161D9F5A}.Debug|Any CPU.Build.0 = Debug|Any CPU
		{262AFF5E-A304-454B-9209-F8E2161D9F5A}.Release|Any CPU.ActiveCfg = Release|Any CPU
		{262AFF5E-A304-454B-9209-F8E2161D9F5A}.Release|Any CPU.Build.0 = Release|Any CPU
	EndGlobalSection
	GlobalSection(SolutionProperties) = preSolution
		HideSolutionNode = FALSE
	EndGlobalSection
	GlobalSection(ExtensibilityGlobals) = postSolution
		SolutionGuid = {ED2E1B31-260D-4F4D-B2B6-54F9DDB42951}
	EndGlobalSection
EndGlobal
